
Microsoft Visual Studio Solution File, Format Version 12.00
# Visual Studio Version 16
VisualStudioVersion = 16.0.30320.27
MinimumVisualStudioVersion = 10.0.40219.1
Project("{8BC9CEB8-8B4A-11D0-8D11-00A0C91BC942}") = "Lowest_common_multiple", "Lowest_common_multiple\Lowest_common_multiple.vcxproj", "{7AA77171-5C91-4123-A1C4-137333DD6EE8}"
EndProject
Global
	GlobalSection(SolutionConfigurationPlatforms) = preSolution
		Debug|x64 = Debug|x64
		Debug|x86 = Debug|x86
		Release|x64 = Release|x64
		Release|x86 = Release|x86
	EndGlobalSection
	GlobalSection(ProjectConfigurationPlatforms) = postSolution
		{7AA77171-5C91-4123-A1C4-137333DD6EE8}.Debug|x64.ActiveCfg = Debug|x64
		{7AA77171-5C91-4123-A1C4-137333DD6EE8}.Debug|x64.Build.0 = Debug|x64
		{7AA77171-5C91-4123-A1C4-137333DD6EE8}.Debug|x86.ActiveCfg = Debug|Win32
		{7AA77171-5C91-4123-A1C4-137333DD6EE8}.Debug|x86.Build.0 = Debug|Win32
		{7AA77171-5C91-4123-A1C4-137333DD6EE8}.Release|x64.ActiveCfg = Release|x64
		{7AA77171-5C91-4123-A1C4-137333DD6EE8}.Release|x64.Build.0 = Release|x64
		{7AA77171-5C91-4123-A1C4-137333DD6EE8}.Release|x86.ActiveCfg = Release|Win32
		{7AA77171-5C91-4123-A1C4-137333DD6EE8}.Release|x86.Build.0 = Release|Win32
	EndGlobalSection
	GlobalSection(SolutionProperties) = preSolution
		HideSolutionNode = FALSE
	EndGlobalSection
	GlobalSection(ExtensibilityGlobals) = postSolution
		SolutionGuid = {3C10BAD3-3A2D-4DDA-9D85-B4D371C7F351}
	EndGlobalSection
EndGlobal
